
Microsoft Visual Studio Solution File, Format Version 12.00
# Visual Studio 15
VisualStudioVersion = 15.0.27004.2002
MinimumVisualStudioVersion = 10.0.40219.1
Project("{FAE04EC0-301F-11D3-BF4B-00C04F79EFBC}") = "TestWork", "TestWork\TestWork.csproj", "{75DB2054-011F-4DA2-8E3F-5BF135F2DDAF}"
EndProject
Global
	GlobalSection(SolutionConfigurationPlatforms) = preSolution
		Debug|Any CPU = Debug|Any CPU
		Release|Any CPU = Release|Any CPU
	EndGlobalSection
	GlobalSection(ProjectConfigurationPlatforms) = postSolution
		{75DB2054-011F-4DA2-8E3F-5BF135F2DDAF}.Debug|Any CPU.ActiveCfg = Debug|Any CPU
		{75DB2054-011F-4DA2-8E3F-5BF135F2DDAF}.Debug|Any CPU.Build.0 = Debug|Any CPU
		{75DB2054-011F-4DA2-8E3F-5BF135F2DDAF}.Release|Any CPU.ActiveCfg = Release|Any CPU
		{75DB2054-011F-4DA2-8E3F-5BF135F2DDAF}.Release|Any CPU.Build.0 = Release|Any CPU
	EndGlobalSection
	GlobalSection(SolutionProperties) = preSolution
		HideSolutionNode = FALSE
	EndGlobalSection
	GlobalSection(ExtensibilityGlobals) = postSolution
		SolutionGuid = {F1485E52-723C-400B-95BC-706EF5B41782}
	EndGlobalSection
EndGlobal
